lockfileVersion: 5.4

specifiers:
  '@mantine/core': ^5.9.3
  '@mantine/hooks': ^5.9.3
  '@mantine/utils': ^5.9.3
  '@types/react': ^18.0.26
  '@types/react-dom': ^18.0.9
  react: ^18.2.0
  react-dom: ^18.2.0
  typescript: ^4.9.4

dependencies:
  '@mantine/core': 5.9.3_vlfomlkpkzydal5nxgvfvna75u
  '@mantine/hooks': 5.9.3_react@18.2.0
  '@mantine/utils': 5.9.3_react@18.2.0

devDependencies:
  '@types/react': 18.0.26
  '@types/react-dom': 18.0.9
  react: 18.2.0
  react-dom: 18.2.0_react@18.2.0
  typescript: 4.9.4

packages:

  /@babel/runtime/7.20.6:
    resolution: {integrity: sha512-Q+8MqP7TiHMWzSfwiJwXCjyf4GYA4Dgw3emg/7xmwsdLJOZUp+nMqcOwOzzYheuM1rhDu8FSj2l0aoMygEuXuA==}
    engines: {node: '>=6.9.0'}
    dependencies:
      regenerator-runtime: 0.13.11
    dev: false

  /@floating-ui/core/1.0.4:
    resolution: {integrity: sha512-FPFLbg2b06MIw1dqk2SOEMAMX3xlrreGjcui5OTxfBDtaKTmh0kioOVjT8gcfl58juawL/yF+S+gnq8aUYQx/Q==}
    dev: false

  /@floating-ui/dom/1.0.9:
    resolution: {integrity: sha512-nF9P6/BoARdt+h+CdUW3td4EUVngeDONCGuzRgnZveRZiJETx63cxhinE0JaPPC2tbcdTY9IGZocS5/7ag3xRg==}
    dependencies:
      '@floating-ui/core': 1.0.4
    dev: false

  /@floating-ui/react-dom-interactions/0.10.3_ib3m5ricvtkl2cll7qpr2f6lvq:
    resolution: {integrity: sha512-UEHqdnzyoiWNU5az/tAljr9iXFzN18DcvpMqW+/cXz4FEhDEB1ogLtWldOWCujLerPBnSRocADALafelOReMpw==}
    peerDependencies:
      react: '>=16.8.0'
      react-dom: '>=16.8.0'
    dependencies:
      '@floating-ui/react-dom': 1.0.1_biqbaboplfbrettd7655fr4n2y
      aria-hidden: 1.2.2_kzbn2opkn2327fwg5yzwzya5o4
      react: 18.2.0
      react-dom: 18.2.0_react@18.2.0
    transitivePeerDependencies:
      - '@types/react'
    dev: false

  /@floating-ui/react-dom/1.0.1_biqbaboplfbrettd7655fr4n2y:
    resolution: {integrity: sha512-UW0t1Gi8ikbDRr8cQPVcqIDMBwUEENe5V4wlHWdrJ5egFnRQFBV9JirauTBFI6S8sM1qFUC1i+qa3g87E6CLTw==}
    peerDependencies:
      react: '>=16.8.0'
      react-dom: '>=16.8.0'
    dependencies:
      '@floating-ui/dom': 1.0.9
      react: 18.2.0
      react-dom: 18.2.0_react@18.2.0
    dev: false

  /@mantine/core/5.9.3_vlfomlkpkzydal5nxgvfvna75u:
    resolution: {integrity: sha512-giBUrvHYUrZXtDiVfel7qhOBuNp1FCg3HwqQRerNdlx2iOF5iZi+to/9U0V0F4l7UysP5MEeW63zsXXifaY+UA==}
    peerDependencies:
      '@mantine/hooks': 5.9.3
      react: '>=16.8.0'
      react-dom: '>=16.8.0'
    dependencies:
      '@floating-ui/react-dom-interactions': 0.10.3_ib3m5ricvtkl2cll7qpr2f6lvq
      '@mantine/hooks': 5.9.3_react@18.2.0
      '@mantine/styles': 5.9.3_biqbaboplfbrettd7655fr4n2y
      '@mantine/utils': 5.9.3_react@18.2.0
      '@radix-ui/react-scroll-area': 1.0.2_biqbaboplfbrettd7655fr4n2y
      react: 18.2.0
      react-dom: 18.2.0_react@18.2.0
      react-textarea-autosize: 8.3.4_kzbn2opkn2327fwg5yzwzya5o4
    transitivePeerDependencies:
      - '@emotion/react'
      - '@types/react'
    dev: false

  /@mantine/hooks/5.9.3_react@18.2.0:
    resolution: {integrity: sha512-r0z5qMcpi26TwWBD5ZLoXNPd7PvBDoksSBlH15Ys9AYlClr/wYlvp1CmdR6zMIZ9asT9P+i8WdD/XYgymkoPGg==}
    peerDependencies:
      react: '>=16.8.0'
    dependencies:
      react: 18.2.0
    dev: false

  /@mantine/styles/5.9.3_biqbaboplfbrettd7655fr4n2y:
    resolution: {integrity: sha512-nUPyxBWZ7n0EOe6c3bRj5us+Bge1+yb3Wz8NVl8Jpch+IotkF9OAs2vlKtJUjhUExIqy7WZxW+NA8fsuIm/GAw==}
    peerDependencies:
      '@emotion/react': '>=11.9.0'
      react: '>=16.8.0'
      react-dom: '>=16.8.0'
    dependencies:
      clsx: 1.1.1
      csstype: 3.0.9
      react: 18.2.0
      react-dom: 18.2.0_react@18.2.0
    dev: false

  /@mantine/utils/5.9.3_react@18.2.0:
    resolution: {integrity: sha512-03Km80wjeQX2LHYpNrJ+kWbTrLmp1fupOGzkUvuPtbhoA4C1Zd9JfGI1UuGHSYQFTwMXmzjkHS3K9PngqjTl+g==}
    peerDependencies:
      react: '>=16.8.0'
    dependencies:
      react: 18.2.0
    dev: false

  /@radix-ui/number/1.0.0:
    resolution: {integrity: sha512-Ofwh/1HX69ZfJRiRBMTy7rgjAzHmwe4kW9C9Y99HTRUcYLUuVT0KESFj15rPjRgKJs20GPq8Bm5aEDJ8DuA3vA==}
    dependencies:
      '@babel/runtime': 7.20.6
    dev: false

  /@radix-ui/primitive/1.0.0:
    resolution: {integrity: sha512-3e7rn8FDMin4CgeL7Z/49smCA3rFYY3Ha2rUQ7HRWFadS5iCRw08ZgVT1LaNTCNqgvrUiyczLflrVrF0SRQtNA==}
    dependencies:
      '@babel/runtime': 7.20.6
    dev: false

  /@radix-ui/react-compose-refs/1.0.0_react@18.2.0:
    resolution: {integrity: sha512-0KaSv6sx787/hK3eF53iOkiSLwAGlFMx5lotrqD2pTjB18KbybKoEIgkNZTKC60YECDQTKGTRcDBILwZVqVKvA==}
    peerDependencies:
      react: ^16.8 || ^17.0 || ^18.0
    dependencies:
      '@babel/runtime': 7.20.6
      react: 18.2.0
    dev: false

  /@radix-ui/react-context/1.0.0_react@18.2.0:
    resolution: {integrity: sha512-1pVM9RfOQ+n/N5PJK33kRSKsr1glNxomxONs5c49MliinBY6Yw2Q995qfBUUo0/Mbg05B/sGA0gkgPI7kmSHBg==}
    peerDependencies:
      react: ^16.8 || ^17.0 || ^18.0
    dependencies:
      '@babel/runtime': 7.20.6
      react: 18.2.0
    dev: false

  /@radix-ui/react-direction/1.0.0_react@18.2.0:
    resolution: {integrity: sha512-2HV05lGUgYcA6xgLQ4BKPDmtL+QbIZYH5fCOTAOOcJ5O0QbWS3i9lKaurLzliYUDhORI2Qr3pyjhJh44lKA3rQ==}
    peerDependencies:
      react: ^16.8 || ^17.0 || ^18.0
    dependencies:
      '@babel/runtime': 7.20.6
      react: 18.2.0
    dev: false

  /@radix-ui/react-presence/1.0.0_biqbaboplfbrettd7655fr4n2y:
    resolution: {integrity: sha512-A+6XEvN01NfVWiKu38ybawfHsBjWum42MRPnEuqPsBZ4eV7e/7K321B5VgYMPv3Xx5An6o1/l9ZuDBgmcmWK3w==}
    peerDependencies:
      react: ^16.8 || ^17.0 || ^18.0
      react-dom: ^16.8 || ^17.0 || ^18.0
    dependencies:
      '@babel/runtime': 7.20.6
      '@radix-ui/react-compose-refs': 1.0.0_react@18.2.0
      '@radix-ui/react-use-layout-effect': 1.0.0_react@18.2.0
      react: 18.2.0
      react-dom: 18.2.0_react@18.2.0
    dev: false

  /@radix-ui/react-primitive/1.0.1_biqbaboplfbrettd7655fr4n2y:
    resolution: {integrity: sha512-fHbmislWVkZaIdeF6GZxF0A/NH/3BjrGIYj+Ae6eTmTCr7EB0RQAAVEiqsXK6p3/JcRqVSBQoceZroj30Jj3XA==}
    peerDependencies:
      react: ^16.8 || ^17.0 || ^18.0
      react-dom: ^16.8 || ^17.0 || ^18.0
    dependencies:
      '@babel/runtime': 7.20.6
      '@radix-ui/react-slot': 1.0.1_react@18.2.0
      react: 18.2.0
      react-dom: 18.2.0_react@18.2.0
    dev: false

  /@radix-ui/react-scroll-area/1.0.2_biqbaboplfbrettd7655fr4n2y:
    resolution: {integrity: sha512-k8VseTxI26kcKJaX0HPwkvlNBPTs56JRdYzcZ/vzrNUkDlvXBy8sMc7WvCpYzZkHgb+hd72VW9MqkqecGtuNgg==}
    peerDependencies:
      react: ^16.8 || ^17.0 || ^18.0
      react-dom: ^16.8 || ^17.0 || ^18.0
    dependencies:
      '@babel/runtime': 7.20.6
      '@radix-ui/number': 1.0.0
      '@radix-ui/primitive': 1.0.0
      '@radix-ui/react-compose-refs': 1.0.0_react@18.2.0
      '@radix-ui/react-context': 1.0.0_react@18.2.0
      '@radix-ui/react-direction': 1.0.0_react@18.2.0
      '@radix-ui/react-presence': 1.0.0_biqbaboplfbrettd7655fr4n2y
      '@radix-ui/react-primitive': 1.0.1_biqbaboplfbrettd7655fr4n2y
      '@radix-ui/react-use-callback-ref': 1.0.0_react@18.2.0
      '@radix-ui/react-use-layout-effect': 1.0.0_react@18.2.0
      react: 18.2.0
      react-dom: 18.2.0_react@18.2.0
    dev: false

  /@radix-ui/react-slot/1.0.1_react@18.2.0:
    resolution: {integrity: sha512-avutXAFL1ehGvAXtPquu0YK5oz6ctS474iM3vNGQIkswrVhdrS52e3uoMQBzZhNRAIE0jBnUyXWNmSjGHhCFcw==}
    peerDependencies:
      react: ^16.8 || ^17.0 || ^18.0
    dependencies:
      '@babel/runtime': 7.20.6
      '@radix-ui/react-compose-refs': 1.0.0_react@18.2.0
      react: 18.2.0
    dev: false

  /@radix-ui/react-use-callback-ref/1.0.0_react@18.2.0:
    resolution: {integrity: sha512-GZtyzoHz95Rhs6S63D2t/eqvdFCm7I+yHMLVQheKM7nBD8mbZIt+ct1jz4536MDnaOGKIxynJ8eHTkVGVVkoTg==}
    peerDependencies:
      react: ^16.8 || ^17.0 || ^18.0
    dependencies:
      '@babel/runtime': 7.20.6
      react: 18.2.0
    dev: false

  /@radix-ui/react-use-layout-effect/1.0.0_react@18.2.0:
    resolution: {integrity: sha512-6Tpkq+R6LOlmQb1R5NNETLG0B4YP0wc+klfXafpUCj6JGyaUc8il7/kUZ7m59rGbXGczE9Bs+iz2qloqsZBduQ==}
    peerDependencies:
      react: ^16.8 || ^17.0 || ^18.0
    dependencies:
      '@babel/runtime': 7.20.6
      react: 18.2.0
    dev: false

  /@types/prop-types/15.7.5:
    resolution: {integrity: sha512-JCB8C6SnDoQf0cNycqd/35A7MjcnK+ZTqE7judS6o7utxUCg6imJg3QK2qzHKszlTjcj2cn+NwMB2i96ubpj7w==}

  /@types/react-dom/18.0.9:
    resolution: {integrity: sha512-qnVvHxASt/H7i+XG1U1xMiY5t+IHcPGUK7TDMDzom08xa7e86eCeKOiLZezwCKVxJn6NEiiy2ekgX8aQssjIKg==}
    dependencies:
      '@types/react': 18.0.26
    dev: true

  /@types/react/18.0.26:
    resolution: {integrity: sha512-hCR3PJQsAIXyxhTNSiDFY//LhnMZWpNNr5etoCqx/iUfGc5gXWtQR2Phl908jVR6uPXacojQWTg4qRpkxTuGug==}
    dependencies:
      '@types/prop-types': 15.7.5
      '@types/scheduler': 0.16.2
      csstype: 3.0.9

  /@types/scheduler/0.16.2:
    resolution: {integrity: sha512-hppQEBDmlwhFAXKJX2KnWLYu5yMfi91yazPb2l+lbJiwW+wdo1gNeRA+3RgNSO39WYX2euey41KEwnqesU2Jew==}

  /aria-hidden/1.2.2_kzbn2opkn2327fwg5yzwzya5o4:
    resolution: {integrity: sha512-6y/ogyDTk/7YAe91T3E2PR1ALVKyM2QbTio5HwM+N1Q6CMlCKhvClyIjkckBswa0f2xJhjsfzIGa1yVSe1UMVA==}
    engines: {node: '>=10'}
    peerDependencies:
      '@types/react': ^16.9.0 || ^17.0.0 || ^18.0.0
      react: ^16.9.0 || ^17.0.0 || ^18.0.0
    peerDependenciesMeta:
      '@types/react':
        optional: true
    dependencies:
      '@types/react': 18.0.26
      react: 18.2.0
      tslib: 2.4.1
    dev: false

  /clsx/1.1.1:
    resolution: {integrity: sha512-6/bPho624p3S2pMyvP5kKBPXnI3ufHLObBFCfgx+LkeR5lg2XYy2hqZqUf45ypD8COn2bhgGJSUE+l5dhNBieA==}
    engines: {node: '>=6'}
    dev: false

  /csstype/3.0.9:
    resolution: {integrity: sha512-rpw6JPxK6Rfg1zLOYCSwle2GFOOsnjmDYDaBwEcwoOg4qlsIVCN789VkBZDJAGi4T07gI4YSutR43t9Zz4Lzuw==}

  /js-tokens/4.0.0:
    resolution: {integrity: sha512-RdJUflcE3cUzKiMqQgsCu06FPu9UdIJO0beYbPhHN4k6apgJtifcoCtT9bcxOpYBtpD2kCM6Sbzg4CausW/PKQ==}

  /loose-envify/1.4.0:
    resolution: {integrity: sha512-lyuxPGr/Wfhrlem2CL/UcnUc1zcqKAImBDzukY7Y5F/yQiNdko6+fRLevlw1HgMySw7f611UIY408EtxRSoK3Q==}
    hasBin: true
    dependencies:
      js-tokens: 4.0.0

  /react-dom/18.2.0_react@18.2.0:
    resolution: {integrity: sha512-6IMTriUmvsjHUjNtEDudZfuDQUoWXVxKHhlEGSk81n4YFS+r/Kl99wXiwlVXtPBtJenozv2P+hxDsw9eA7Xo6g==}
    peerDependencies:
      react: ^18.2.0
    dependencies:
      loose-envify: 1.4.0
      react: 18.2.0
      scheduler: 0.23.0

  /react-textarea-autosize/8.3.4_kzbn2opkn2327fwg5yzwzya5o4:
    resolution: {integrity: sha512-CdtmP8Dc19xL8/R6sWvtknD/eCXkQr30dtvC4VmGInhRsfF8X/ihXCq6+9l9qbxmKRiq407/7z5fxE7cVWQNgQ==}
    engines: {node: '>=10'}
    peerDependencies:
      react: ^16.8.0 || ^17.0.0 || ^18.0.0
    dependencies:
      '@babel/runtime': 7.20.6
      react: 18.2.0
      use-composed-ref: 1.3.0_react@18.2.0
      use-latest: 1.2.1_kzbn2opkn2327fwg5yzwzya5o4
    transitivePeerDependencies:
      - '@types/react'
    dev: false

  /react/18.2.0:
    resolution: {integrity: sha512-/3IjMdb2L9QbBdWiW5e3P2/npwMBaU9mHCSCUzNln0ZCYbcfTsGbTJrU/kGemdH2IWmB2ioZ+zkxtmq6g09fGQ==}
    engines: {node: '>=0.10.0'}
    dependencies:
      loose-envify: 1.4.0

  /regenerator-runtime/0.13.11:
    resolution: {integrity: sha512-kY1AZVr2Ra+t+piVaJ4gxaFaReZVH40AKNo7UCX6W+dEwBo/2oZJzqfuN1qLq1oL45o56cPaTXELwrTh8Fpggg==}
    dev: false

  /scheduler/0.23.0:
    resolution: {integrity: sha512-CtuThmgHNg7zIZWAXi3AsyIzA3n4xx7aNyjwC2VJldO2LMVDhFK+63xGqq6CsJH4rTAt6/M+N4GhZiDYPx9eUw==}
    dependencies:
      loose-envify: 1.4.0

  /tslib/2.4.1:
    resolution: {integrity: sha512-tGyy4dAjRIEwI7BzsB0lynWgOpfqjUdq91XXAlIWD2OwKBH7oCl/GZG/HT4BOHrTlPMOASlMQ7veyTqpmRcrNA==}
    dev: false

  /typescript/4.9.4:
    resolution: {integrity: sha512-Uz+dTXYzxXXbsFpM86Wh3dKCxrQqUcVMxwU54orwlJjOpO3ao8L7j5lH+dWfTwgCwIuM9GQ2kvVotzYJMXTBZg==}
    engines: {node: '>=4.2.0'}
    hasBin: true
    dev: true

  /use-composed-ref/1.3.0_react@18.2.0:
    resolution: {integrity: sha512-GLMG0Jc/jiKov/3Ulid1wbv3r54K9HlMW29IWcDFPEqFkSO2nS0MuefWgMJpeHQ9YJeXDL3ZUF+P3jdXlZX/cQ==}
    peerDependencies:
      react: ^16.8.0 || ^17.0.0 || ^18.0.0
    dependencies:
      react: 18.2.0
    dev: false

  /use-isomorphic-layout-effect/1.1.2_kzbn2opkn2327fwg5yzwzya5o4:
    resolution: {integrity: sha512-49L8yCO3iGT/ZF9QttjwLF/ZD9Iwto5LnH5LmEdk/6cFmXddqi2ulF0edxTwjj+7mqvpVVGQWvbXZdn32wRSHA==}
    peerDependencies:
      '@types/react': '*'
      react: ^16.8.0 || ^17.0.0 || ^18.0.0
    peerDependenciesMeta:
      '@types/react':
        optional: true
    dependencies:
      '@types/react': 18.0.26
      react: 18.2.0
    dev: false

  /use-latest/1.2.1_kzbn2opkn2327fwg5yzwzya5o4:
    resolution: {integrity: sha512-xA+AVm/Wlg3e2P/JiItTziwS7FK92LWrDB0p+hgXloIMuVCeJJ8v6f0eeHyPZaJrM+usM1FkFfbNCrJGs8A/zw==}
    peerDependencies:
      '@types/react': '*'
      react: ^16.8.0 || ^17.0.0 || ^18.0.0
    peerDependenciesMeta:
      '@types/react':
        optional: true
    dependencies:
      '@types/react': 18.0.26
      react: 18.2.0
      use-isomorphic-layout-effect: 1.1.2_kzbn2opkn2327fwg5yzwzya5o4
    dev: false
